
Microsoft Visual Studio Solution File, Format Version 12.00
# Visual Studio Version 16
VisualStudioVersion = 16.0.32126.315
MinimumVisualStudioVersion = 10.0.40219.1
Project("{FAE04EC0-301F-11D3-BF4B-00C04F79EFBC}") = "WareHouseApp", "WareHouseApp\WareHouseApp.csproj", "{5D284D8D-00D0-469F-8EDC-EC3EE21D8842}"
EndProject
Global
	GlobalSection(SolutionConfigurationPlatforms) = preSolution
		Debug|Any CPU = Debug|Any CPU
		Release|Any CPU = Release|Any CPU
	EndGlobalSection
	GlobalSection(ProjectConfigurationPlatforms) = postSolution
		{5D284D8D-00D0-469F-8EDC-EC3EE21D8842}.Debug|Any CPU.ActiveCfg = Debug|Any CPU
		{5D284D8D-00D0-469F-8EDC-EC3EE21D8842}.Debug|Any CPU.Build.0 = Debug|Any CPU
		{5D284D8D-00D0-469F-8EDC-EC3EE21D8842}.Release|Any CPU.ActiveCfg = Release|Any CPU
		{5D284D8D-00D0-469F-8EDC-EC3EE21D8842}.Release|Any CPU.Build.0 = Release|Any CPU
	EndGlobalSection
	GlobalSection(SolutionProperties) = preSolution
		HideSolutionNode = FALSE
	EndGlobalSection
	GlobalSection(ExtensibilityGlobals) = postSolution
		SolutionGuid = {01DEA75D-E861-4BEE-9D44-C46BDCF146D1}
	EndGlobalSection
EndGlobal
